# THIS IS AN AUTOGENERATED FILE. DO NOT EDIT THIS FILE DIRECTLY.
# yarn lockfile v1


frappe-datatable@^1.15.4:
  version "1.15.4"
  resolved "https://registry.yarnpkg.com/frappe-datatable/-/frappe-datatable-1.15.4.tgz#dc2e5e5d8a0a7cb8ee658f2d39966af1d4405401"
  integrity sha512-eW3upPvverm1GNBL4+IcPDvjm5xbJc5ZXW8TYEUZt/QQ2W75K/T6736pSzi9D6mX9sn3BtZ7Ige7MS45SGrgzQ==
  dependencies:
    hyperlist "^1.0.0-beta"
    lodash "^4.17.5"
    sortablejs "^1.7.0"

hyperlist@^1.0.0-beta:
  version "1.0.0"
  resolved "https://registry.yarnpkg.com/hyperlist/-/hyperlist-1.0.0.tgz#b211d41832643ca969e3087a86c912f93f82e5bb"
  integrity sha512-1qAjO29EJW/mPyqY+9wFjruD2YWur1dPsPYmt9RvMX6P+8Cr2UmT75MCWjjK+1/4Jxc3sm/G3Kr8DzGgEDRG+Q==

lodash@^4.17.5:
  version "4.17.21"
  resolved "https://registry.yarnpkg.com/lodash/-/lodash-4.17.21.tgz#679591c564c3bffaae8454cf0b3df370c3d6911c"
  integrity sha512-v2kDEe57lecTulaDIuNTPy3Ry4gLGJ6Z1O3vE1krgXZNrsQ+LFTGHVxVjcXPs17LhbZVGedAJv8XZ1tvj5FvSg==

sortablejs@^1.7.0:
  version "1.14.0"
  resolved "https://registry.yarnpkg.com/sortablejs/-/sortablejs-1.14.0.tgz#6d2e17ccbdb25f464734df621d4f35d4ab35b3d8"
  integrity sha512-pBXvQCs5/33fdN1/39pPL0NZF20LeRbLQ5jtnheIPN9JQAaufGjKdWduZn4U7wCtVuzKhmRkI0DFYHYRbB2H1w==
